
Microsoft Visual Studio Solution File, Format Version 12.00
# Visual Studio Version 17
VisualStudioVersion = 17.7.34024.191
MinimumVisualStudioVersion = 10.0.40219.1
Project("{9A19103F-16F7-4668-BE54-9A1E7A4F7556}") = "IMX.AutomationTestSystem", "IMX.AutomationTestSystem\IMX.AutomationTestSystem.csproj", "{90EF9511-FA43-494E-BF6C-9A2E815C7A1D}"
	ProjectSection(ProjectDependencies) = postProject
		{3295522B-1377-42B0-A6BB-6FD2A70740E5} = {3295522B-1377-42B0-A6BB-6FD2A70740E5}
		{3E7E3532-CD7C-43F7-95BA-5B7ACEB9AD15} = {3E7E3532-CD7C-43F7-95BA-5B7ACEB9AD15}
		{7651807F-1D82-469E-BECA-5972D4DC19B3} = {7651807F-1D82-469E-BECA-5972D4DC19B3}
		{9740917F-7B8C-43CE-A8DA-FAC1FEBBF2E0} = {9740917F-7B8C-43CE-A8DA-FAC1FEBBF2E0}
		{537D77A2-6D67-44FF-8E30-1BF3BD25B1F2} = {537D77A2-6D67-44FF-8E30-1BF3BD25B1F2}
		{E6517BA9-9F65-49B1-B9F4-D7527CB5E1EE} = {E6517BA9-9F65-49B1-B9F4-D7527CB5E1EE}
	EndProjectSection
EndProject
Project("{2150E333-8FDC-42A3-9474-1A3956D46DE8}") = "AutomaticTesting.Common", "AutomaticTesting.Common", "{21193BA1-4408-47A9-A54F-FBFA06B05243}"
EndProject
Project("{2150E333-8FDC-42A3-9474-1A3956D46DE8}") = "Automatic.VehicleBus", "Automatic.VehicleBus", "{35DE5472-625C-4C9E-B912-F679F813BA9D}"
EndProject
Project("{FAE04EC0-301F-11D3-BF4B-00C04F79EFBC}") = "AutomaticTesting.VehicleBus.DeviceBase", "Automatic.VehicleBus\AutomaticTesting.VehicleBus.Base\AutomaticTesting.VehicleBus.DeviceBase.csproj", "{7651807F-1D82-469E-BECA-5972D4DC19B3}"
EndProject
Project("{FAE04EC0-301F-11D3-BF4B-00C04F79EFBC}") = "AutomaticTesting.VehicleBus.Common", "Automatic.VehicleBus\AutomaticTesting.VehicleBus.Common\AutomaticTesting.VehicleBus.Common.csproj", "{E6517BA9-9F65-49B1-B9F4-D7527CB5E1EE}"
EndProject
Project("{FAE04EC0-301F-11D3-BF4B-00C04F79EFBC}") = "AutomaticTesting.VehicleBus.MessageProcess", "Automatic.VehicleBus\AutomaticTesting.VehicleBus.MessageProcess\AutomaticTesting.VehicleBus.MessageProcess.csproj", "{3E7E3532-CD7C-43F7-95BA-5B7ACEB9AD15}"
EndProject
Project("{FAE04EC0-301F-11D3-BF4B-00C04F79EFBC}") = "AutomaticTesting.VehicleBus.OperateInterface", "Automatic.VehicleBus\AutomaticTesting.VehicleBus.OperateInterface\AutomaticTesting.VehicleBus.OperateInterface.csproj", "{537D77A2-6D67-44FF-8E30-1BF3BD25B1F2}"
EndProject
Project("{2150E333-8FDC-42A3-9474-1A3956D46DE8}") = "AutomaticTesting.Device", "AutomaticTesting.Device", "{A2F5D486-0B54-42D2-871F-D32CB9F84891}"
EndProject
Project("{FAE04EC0-301F-11D3-BF4B-00C04F79EFBC}") = "Device.DD0664", "AutomaticTesting.Device\Device.DD0640\Device.DD0664.csproj", "{109E716C-AB77-48DB-842A-C8E49EB02C2B}"
EndProject
Project("{9A19103F-16F7-4668-BE54-9A1E7A4F7556}") = "Device.DP800", "AutomaticTesting.Device\Device.DP800\Device.DP800.csproj", "{4CB8B6EB-E0E4-471F-B57C-77C7D0C4EC6A}"
EndProject
Project("{FAE04EC0-301F-11D3-BF4B-00C04F79EFBC}") = "Device.DS91000", "AutomaticTesting.Device\Device.DS91000\Device.DS91000.csproj", "{310987F3-D736-4CAE-A095-E9770439706C}"
EndProject
Project("{2150E333-8FDC-42A3-9474-1A3956D46DE8}") = "Device.Common", "Device.Common", "{60C0D300-A158-44B4-98B4-D720E834509A}"
EndProject
Project("{9A19103F-16F7-4668-BE54-9A1E7A4F7556}") = "Device.ANFS090A", "AutomaticTesting.Device\Device.ANFS090A\Device.ANFS090A.csproj", "{AF0E3D2C-8364-43C2-8327-0771784D09DB}"
EndProject
Project("{FAE04EC0-301F-11D3-BF4B-00C04F79EFBC}") = "Device.Common", "AutomaticTesting.Device\Device.Common\Device.Common.csproj", "{9740917F-7B8C-43CE-A8DA-FAC1FEBBF2E0}"
EndProject
Project("{9A19103F-16F7-4668-BE54-9A1E7A4F7556}") = "Device.Relay", "AutomaticTesting.Device\Device.Relay\Device.Relay.csproj", "{D286E959-AA77-4C96-A786-13B12268A9C7}"
EndProject
Project("{2150E333-8FDC-42A3-9474-1A3956D46DE8}") = "Device", "Device", "{529CF794-03BB-478F-A817-51496CC2E93B}"
EndProject
Project("{2150E333-8FDC-42A3-9474-1A3956D46DE8}") = "AutomaticTesting.Device.Common", "AutomaticTesting.Device.Common", "{80BF727B-6E85-40B2-B15D-E3E79E0B5CCE}"
EndProject
Project("{FAE04EC0-301F-11D3-BF4B-00C04F79EFBC}") = "AutomaticTesting.Device.Common", "AutomaticTesting.Device.Common\AutomaticTesting.Device.Common.csproj", "{ABD40030-9534-40F9-9DDD-1F63A699C132}"
EndProject
Project("{FAE04EC0-301F-11D3-BF4B-00C04F79EFBC}") = "AutomaticTesting.Common", "AutomaticTesting.Common\AutomaticTesting.Common.csproj", "{3295522B-1377-42B0-A6BB-6FD2A70740E5}"
EndProject
Project("{2150E333-8FDC-42A3-9474-1A3956D46DE8}") = "AutomaticTesting.DBHelper", "AutomaticTesting.DBHelper", "{1AAD995E-8C40-42DF-804B-4AADDFD54376}"
EndProject
Project("{FAE04EC0-301F-11D3-BF4B-00C04F79EFBC}") = "AutomaticTesting.DBHelper", "AutomaticTesting.DBHelper\AutomaticTesting.DBHelper.csproj", "{D19FB613-A6C4-41FF-AF89-CCB71B096A17}"
EndProject
Project("{9A19103F-16F7-4668-BE54-9A1E7A4F7556}") = "Device.TemperatureBox", "AutomaticTesting.Device\Device.TemperatureBox\Device.TemperatureBox\Device.TemperatureBox.csproj", "{E94B9E63-E5E2-406A-B4B3-185400907E12}"
EndProject
Project("{9A19103F-16F7-4668-BE54-9A1E7A4F7556}") = "Device.WaterBox", "AutomaticTesting.Device\Device.WaterBox\Device.WaterBox.csproj", "{C19DE171-4447-4BCB-ADF7-950350B231DF}"
EndProject
Project("{9A19103F-16F7-4668-BE54-9A1E7A4F7556}") = "Device.Product", "AutomaticTesting.Device\Device.Product\Device.Product.csproj", "{A043A8A1-91BC-4E49-9854-CEE05F3D0A88}"
EndProject
Project("{2150E333-8FDC-42A3-9474-1A3956D46DE8}") = "VehicleBus.3rdLibrary", "VehicleBus.3rdLibrary", "{6417EBF8-CB61-4A84-B6CB-EAE3901BFD60}"
	ProjectSection(SolutionItems) = preProject
		VehicleBus.3rdLibrary\ControlCAN.rar = VehicleBus.3rdLibrary\ControlCAN.rar
		VehicleBus.3rdLibrary\PCANBasic.rar = VehicleBus.3rdLibrary\PCANBasic.rar
		VehicleBus.3rdLibrary\PLinApi.rar = VehicleBus.3rdLibrary\PLinApi.rar
		VehicleBus.3rdLibrary\TSMaster.rar = VehicleBus.3rdLibrary\TSMaster.rar
		VehicleBus.3rdLibrary\zlgcan.rar = VehicleBus.3rdLibrary\zlgcan.rar
	EndProjectSection
EndProject
Project("{FAE04EC0-301F-11D3-BF4B-00C04F79EFBC}") = "AutomaticTesting.TestFunction", "AutomaticTesting.TestFunction\AutomaticTesting.TestFunction\AutomaticTesting.TestFunction.csproj", "{3A44DEC5-E1FB-48BE-9483-7A1D066C026E}"
EndProject
Project("{2150E333-8FDC-42A3-9474-1A3956D46DE8}") = "AutomaticTesting.TestFunction", "AutomaticTesting.TestFunction", "{5ABF5D70-A5CB-401A-B1C6-A2F553620430}"
EndProject
Project("{9A19103F-16F7-4668-BE54-9A1E7A4F7556}") = "Device.BLEquip_0", "AutomaticTesting.Device\Device.BLEquip_0\Device.BLEquip_0.csproj", "{739512B7-D38C-4282-821D-E7E3FBB98C9B}"
EndProject
Project("{9A19103F-16F7-4668-BE54-9A1E7A4F7556}") = "Device.Product_01", "AutomaticTesting.Device\Device.Product_01\Device.Product_01.csproj", "{FE606EBE-E79D-42D9-9829-A47751EA6C4F}"
EndProject
Project("{9A19103F-16F7-4668-BE54-9A1E7A4F7556}") = "Device.Product_02", "AutomaticTesting.Device\Device.Product_02\Device.Product_02.csproj", "{E688A084-4B38-417D-B34E-A7D0965AF29C}"
EndProject
Global
	GlobalSection(SolutionConfigurationPlatforms) = preSolution
		Debug|Any CPU = Debug|Any CPU
		Debug|x64 = Debug|x64
		Debug|x86 = Debug|x86
		Release|Any CPU = Release|Any CPU
		Release|x64 = Release|x64
		Release|x86 = Release|x86
	EndGlobalSection
	GlobalSection(ProjectConfigurationPlatforms) = postSolution
		{90EF9511-FA43-494E-BF6C-9A2E815C7A1D}.Debug|Any CPU.ActiveCfg = Debug|Any CPU
		{90EF9511-FA43-494E-BF6C-9A2E815C7A1D}.Debug|Any CPU.Build.0 = Debug|Any CPU
		{90EF9511-FA43-494E-BF6C-9A2E815C7A1D}.Debug|x64.ActiveCfg = Debug|x64
		{90EF9511-FA43-494E-BF6C-9A2E815C7A1D}.Debug|x64.Build.0 = Debug|x64
		{90EF9511-FA43-494E-BF6C-9A2E815C7A1D}.Debug|x86.ActiveCfg = Debug|x86
		{90EF9511-FA43-494E-BF6C-9A2E815C7A1D}.Debug|x86.Build.0 = Debug|x86
		{90EF9511-FA43-494E-BF6C-9A2E815C7A1D}.Release|Any CPU.ActiveCfg = Release|Any CPU
		{90EF9511-FA43-494E-BF6C-9A2E815C7A1D}.Release|Any CPU.Build.0 = Release|Any CPU
		{90EF9511-FA43-494E-BF6C-9A2E815C7A1D}.Release|x64.ActiveCfg = Release|x64
		{90EF9511-FA43-494E-BF6C-9A2E815C7A1D}.Release|x64.Build.0 = Release|x64
		{90EF9511-FA43-494E-BF6C-9A2E815C7A1D}.Release|x86.ActiveCfg = Release|x86
		{90EF9511-FA43-494E-BF6C-9A2E815C7A1D}.Release|x86.Build.0 = Release|x86
		{7651807F-1D82-469E-BECA-5972D4DC19B3}.Debug|Any CPU.ActiveCfg = Debug|Any CPU
		{7651807F-1D82-469E-BECA-5972D4DC19B3}.Debug|Any CPU.Build.0 = Debug|Any CPU
		{7651807F-1D82-469E-BECA-5972D4DC19B3}.Debug|x64.ActiveCfg = Debug|x64
		{7651807F-1D82-469E-BECA-5972D4DC19B3}.Debug|x64.Build.0 = Debug|x64
		{7651807F-1D82-469E-BECA-5972D4DC19B3}.Debug|x86.ActiveCfg = Debug|x86
		{7651807F-1D82-469E-BECA-5972D4DC19B3}.Debug|x86.Build.0 = Debug|x86
		{7651807F-1D82-469E-BECA-5972D4DC19B3}.Release|Any CPU.ActiveCfg = Release|Any CPU
		{7651807F-1D82-469E-BECA-5972D4DC19B3}.Release|Any CPU.Build.0 = Release|Any CPU
		{7651807F-1D82-469E-BECA-5972D4DC19B3}.Release|x64.ActiveCfg = Release|x64
		{7651807F-1D82-469E-BECA-5972D4DC19B3}.Release|x64.Build.0 = Release|x64
		{7651807F-1D82-469E-BECA-5972D4DC19B3}.Release|x86.ActiveCfg = Release|x86
		{7651807F-1D82-469E-BECA-5972D4DC19B3}.Release|x86.Build.0 = Release|x86
		{E6517BA9-9F65-49B1-B9F4-D7527CB5E1EE}.Debug|Any CPU.ActiveCfg = Debug|Any CPU
		{E6517BA9-9F65-49B1-B9F4-D7527CB5E1EE}.Debug|Any CPU.Build.0 = Debug|Any CPU
		{E6517BA9-9F65-49B1-B9F4-D7527CB5E1EE}.Debug|x64.ActiveCfg = Debug|x64
		{E6517BA9-9F65-49B1-B9F4-D7527CB5E1EE}.Debug|x64.Build.0 = Debug|x64
		{E6517BA9-9F65-49B1-B9F4-D7527CB5E1EE}.Debug|x86.ActiveCfg = Debug|x86
		{E6517BA9-9F65-49B1-B9F4-D7527CB5E1EE}.Debug|x86.Build.0 = Debug|x86
		{E6517BA9-9F65-49B1-B9F4-D7527CB5E1EE}.Release|Any CPU.ActiveCfg = Release|Any CPU
		{E6517BA9-9F65-49B1-B9F4-D7527CB5E1EE}.Release|Any CPU.Build.0 = Release|Any CPU
		{E6517BA9-9F65-49B1-B9F4-D7527CB5E1EE}.Release|x64.ActiveCfg = Release|x64
		{E6517BA9-9F65-49B1-B9F4-D7527CB5E1EE}.Release|x64.Build.0 = Release|x64
		{E6517BA9-9F65-49B1-B9F4-D7527CB5E1EE}.Release|x86.ActiveCfg = Release|x86
		{E6517BA9-9F65-49B1-B9F4-D7527CB5E1EE}.Release|x86.Build.0 = Release|x86
		{3E7E3532-CD7C-43F7-95BA-5B7ACEB9AD15}.Debug|Any CPU.ActiveCfg = Debug|Any CPU
		{3E7E3532-CD7C-43F7-95BA-5B7ACEB9AD15}.Debug|Any CPU.Build.0 = Debug|Any CPU
		{3E7E3532-CD7C-43F7-95BA-5B7ACEB9AD15}.Debug|x64.ActiveCfg = Debug|x64
		{3E7E3532-CD7C-43F7-95BA-5B7ACEB9AD15}.Debug|x64.Build.0 = Debug|x64
		{3E7E3532-CD7C-43F7-95BA-5B7ACEB9AD15}.Debug|x86.ActiveCfg = Debug|x86
		{3E7E3532-CD7C-43F7-95BA-5B7ACEB9AD15}.Debug|x86.Build.0 = Debug|x86
		{3E7E3532-CD7C-43F7-95BA-5B7ACEB9AD15}.Release|Any CPU.ActiveCfg = Release|Any CPU
		{3E7E3532-CD7C-43F7-95BA-5B7ACEB9AD15}.Release|Any CPU.Build.0 = Release|Any CPU
		{3E7E3532-CD7C-43F7-95BA-5B7ACEB9AD15}.Release|x64.ActiveCfg = Release|x64
		{3E7E3532-CD7C-43F7-95BA-5B7ACEB9AD15}.Release|x64.Build.0 = Release|x64
		{3E7E3532-CD7C-43F7-95BA-5B7ACEB9AD15}.Release|x86.ActiveCfg = Release|x86
		{3E7E3532-CD7C-43F7-95BA-5B7ACEB9AD15}.Release|x86.Build.0 = Release|x86
		{537D77A2-6D67-44FF-8E30-1BF3BD25B1F2}.Debug|Any CPU.ActiveCfg = Debug|Any CPU
		{537D77A2-6D67-44FF-8E30-1BF3BD25B1F2}.Debug|Any CPU.Build.0 = Debug|Any CPU
		{537D77A2-6D67-44FF-8E30-1BF3BD25B1F2}.Debug|x64.ActiveCfg = Debug|x64
		{537D77A2-6D67-44FF-8E30-1BF3BD25B1F2}.Debug|x64.Build.0 = Debug|x64
		{537D77A2-6D67-44FF-8E30-1BF3BD25B1F2}.Debug|x86.ActiveCfg = Debug|x86
		{537D77A2-6D67-44FF-8E30-1BF3BD25B1F2}.Debug|x86.Build.0 = Debug|x86
		{537D77A2-6D67-44FF-8E30-1BF3BD25B1F2}.Release|Any CPU.ActiveCfg = Release|Any CPU
		{537D77A2-6D67-44FF-8E30-1BF3BD25B1F2}.Release|Any CPU.Build.0 = Release|Any CPU
		{537D77A2-6D67-44FF-8E30-1BF3BD25B1F2}.Release|x64.ActiveCfg = Release|x64
		{537D77A2-6D67-44FF-8E30-1BF3BD25B1F2}.Release|x64.Build.0 = Release|x64
		{537D77A2-6D67-44FF-8E30-1BF3BD25B1F2}.Release|x86.ActiveCfg = Release|x86
		{537D77A2-6D67-44FF-8E30-1BF3BD25B1F2}.Release|x86.Build.0 = Release|x86
		{109E716C-AB77-48DB-842A-C8E49EB02C2B}.Debug|Any CPU.ActiveCfg = Debug|Any CPU
		{109E716C-AB77-48DB-842A-C8E49EB02C2B}.Debug|Any CPU.Build.0 = Debug|Any CPU
		{109E716C-AB77-48DB-842A-C8E49EB02C2B}.Debug|x64.ActiveCfg = Debug|x64
		{109E716C-AB77-48DB-842A-C8E49EB02C2B}.Debug|x64.Build.0 = Debug|x64
		{109E716C-AB77-48DB-842A-C8E49EB02C2B}.Debug|x86.ActiveCfg = Debug|x86
		{109E716C-AB77-48DB-842A-C8E49EB02C2B}.Debug|x86.Build.0 = Debug|x86
		{109E716C-AB77-48DB-842A-C8E49EB02C2B}.Release|Any CPU.ActiveCfg = Release|Any CPU
		{109E716C-AB77-48DB-842A-C8E49EB02C2B}.Release|Any CPU.Build.0 = Release|Any CPU
		{109E716C-AB77-48DB-842A-C8E49EB02C2B}.Release|x64.ActiveCfg = Release|x64
		{109E716C-AB77-48DB-842A-C8E49EB02C2B}.Release|x64.Build.0 = Release|x64
		{109E716C-AB77-48DB-842A-C8E49EB02C2B}.Release|x86.ActiveCfg = Release|x86
		{109E716C-AB77-48DB-842A-C8E49EB02C2B}.Release|x86.Build.0 = Release|x86
		{4CB8B6EB-E0E4-471F-B57C-77C7D0C4EC6A}.Debug|Any CPU.ActiveCfg = Debug|Any CPU
		{4CB8B6EB-E0E4-471F-B57C-77C7D0C4EC6A}.Debug|Any CPU.Build.0 = Debug|Any CPU
		{4CB8B6EB-E0E4-471F-B57C-77C7D0C4EC6A}.Debug|x64.ActiveCfg = Debug|x64
		{4CB8B6EB-E0E4-471F-B57C-77C7D0C4EC6A}.Debug|x64.Build.0 = Debug|x64
		{4CB8B6EB-E0E4-471F-B57C-77C7D0C4EC6A}.Debug|x86.ActiveCfg = Debug|x86
		{4CB8B6EB-E0E4-471F-B57C-77C7D0C4EC6A}.Debug|x86.Build.0 = Debug|x86
		{4CB8B6EB-E0E4-471F-B57C-77C7D0C4EC6A}.Release|Any CPU.ActiveCfg = Release|Any CPU
		{4CB8B6EB-E0E4-471F-B57C-77C7D0C4EC6A}.Release|Any CPU.Build.0 = Release|Any CPU
		{4CB8B6EB-E0E4-471F-B57C-77C7D0C4EC6A}.Release|x64.ActiveCfg = Release|x64
		{4CB8B6EB-E0E4-471F-B57C-77C7D0C4EC6A}.Release|x64.Build.0 = Release|x64
		{4CB8B6EB-E0E4-471F-B57C-77C7D0C4EC6A}.Release|x86.ActiveCfg = Release|x86
		{4CB8B6EB-E0E4-471F-B57C-77C7D0C4EC6A}.Release|x86.Build.0 = Release|x86
		{310987F3-D736-4CAE-A095-E9770439706C}.Debug|Any CPU.ActiveCfg = Debug|Any CPU
		{310987F3-D736-4CAE-A095-E9770439706C}.Debug|Any CPU.Build.0 = Debug|Any CPU
		{310987F3-D736-4CAE-A095-E9770439706C}.Debug|x64.ActiveCfg = Debug|x64
		{310987F3-D736-4CAE-A095-E9770439706C}.Debug|x64.Build.0 = Debug|x64
		{310987F3-D736-4CAE-A095-E9770439706C}.Debug|x86.ActiveCfg = Debug|x86
		{310987F3-D736-4CAE-A095-E9770439706C}.Debug|x86.Build.0 = Debug|x86
		{310987F3-D736-4CAE-A095-E9770439706C}.Release|Any CPU.ActiveCfg = Release|Any CPU
		{310987F3-D736-4CAE-A095-E9770439706C}.Release|Any CPU.Build.0 = Release|Any CPU
		{310987F3-D736-4CAE-A095-E9770439706C}.Release|x64.ActiveCfg = Release|x64
		{310987F3-D736-4CAE-A095-E9770439706C}.Release|x64.Build.0 = Release|x64
		{310987F3-D736-4CAE-A095-E9770439706C}.Release|x86.ActiveCfg = Release|x86
		{310987F3-D736-4CAE-A095-E9770439706C}.Release|x86.Build.0 = Release|x86
		{AF0E3D2C-8364-43C2-8327-0771784D09DB}.Debug|Any CPU.ActiveCfg = Debug|Any CPU
		{AF0E3D2C-8364-43C2-8327-0771784D09DB}.Debug|Any CPU.Build.0 = Debug|Any CPU
		{AF0E3D2C-8364-43C2-8327-0771784D09DB}.Debug|x64.ActiveCfg = Debug|x64
		{AF0E3D2C-8364-43C2-8327-0771784D09DB}.Debug|x64.Build.0 = Debug|x64
		{AF0E3D2C-8364-43C2-8327-0771784D09DB}.Debug|x86.ActiveCfg = Debug|x86
		{AF0E3D2C-8364-43C2-8327-0771784D09DB}.Debug|x86.Build.0 = Debug|x86
		{AF0E3D2C-8364-43C2-8327-0771784D09DB}.Release|Any CPU.ActiveCfg = Release|Any CPU
		{AF0E3D2C-8364-43C2-8327-0771784D09DB}.Release|Any CPU.Build.0 = Release|Any CPU
		{AF0E3D2C-8364-43C2-8327-0771784D09DB}.Release|x64.ActiveCfg = Release|x64
		{AF0E3D2C-8364-43C2-8327-0771784D09DB}.Release|x64.Build.0 = Release|x64
		{AF0E3D2C-8364-43C2-8327-0771784D09DB}.Release|x86.ActiveCfg = Release|x86
		{AF0E3D2C-8364-43C2-8327-0771784D09DB}.Release|x86.Build.0 = Release|x86
		{9740917F-7B8C-43CE-A8DA-FAC1FEBBF2E0}.Debug|Any CPU.ActiveCfg = Debug|Any CPU
		{9740917F-7B8C-43CE-A8DA-FAC1FEBBF2E0}.Debug|Any CPU.Build.0 = Debug|Any CPU
		{9740917F-7B8C-43CE-A8DA-FAC1FEBBF2E0}.Debug|x64.ActiveCfg = Debug|x64
		{9740917F-7B8C-43CE-A8DA-FAC1FEBBF2E0}.Debug|x64.Build.0 = Debug|x64
		{9740917F-7B8C-43CE-A8DA-FAC1FEBBF2E0}.Debug|x86.ActiveCfg = Debug|x86
		{9740917F-7B8C-43CE-A8DA-FAC1FEBBF2E0}.Debug|x86.Build.0 = Debug|x86
		{9740917F-7B8C-43CE-A8DA-FAC1FEBBF2E0}.Release|Any CPU.ActiveCfg = Release|Any CPU
		{9740917F-7B8C-43CE-A8DA-FAC1FEBBF2E0}.Release|Any CPU.Build.0 = Release|Any CPU
		{9740917F-7B8C-43CE-A8DA-FAC1FEBBF2E0}.Release|x64.ActiveCfg = Release|x64
		{9740917F-7B8C-43CE-A8DA-FAC1FEBBF2E0}.Release|x64.Build.0 = Release|x64
		{9740917F-7B8C-43CE-A8DA-FAC1FEBBF2E0}.Release|x86.ActiveCfg = Release|x86
		{9740917F-7B8C-43CE-A8DA-FAC1FEBBF2E0}.Release|x86.Build.0 = Release|x86
		{D286E959-AA77-4C96-A786-13B12268A9C7}.Debug|Any CPU.ActiveCfg = Debug|Any CPU
		{D286E959-AA77-4C96-A786-13B12268A9C7}.Debug|Any CPU.Build.0 = Debug|Any CPU
		{D286E959-AA77-4C96-A786-13B12268A9C7}.Debug|x64.ActiveCfg = Debug|x64
		{D286E959-AA77-4C96-A786-13B12268A9C7}.Debug|x64.Build.0 = Debug|x64
		{D286E959-AA77-4C96-A786-13B12268A9C7}.Debug|x86.ActiveCfg = Debug|x86
		{D286E959-AA77-4C96-A786-13B12268A9C7}.Debug|x86.Build.0 = Debug|x86
		{D286E959-AA77-4C96-A786-13B12268A9C7}.Release|Any CPU.ActiveCfg = Release|Any CPU
		{D286E959-AA77-4C96-A786-13B12268A9C7}.Release|Any CPU.Build.0 = Release|Any CPU
		{D286E959-AA77-4C96-A786-13B12268A9C7}.Release|x64.ActiveCfg = Release|x64
		{D286E959-AA77-4C96-A786-13B12268A9C7}.Release|x64.Build.0 = Release|x64
		{D286E959-AA77-4C96-A786-13B12268A9C7}.Release|x86.ActiveCfg = Release|x86
		{D286E959-AA77-4C96-A786-13B12268A9C7}.Release|x86.Build.0 = Release|x86
		{ABD40030-9534-40F9-9DDD-1F63A699C132}.Debug|Any CPU.ActiveCfg = Debug|Any CPU
		{ABD40030-9534-40F9-9DDD-1F63A699C132}.Debug|Any CPU.Build.0 = Debug|Any CPU
		{ABD40030-9534-40F9-9DDD-1F63A699C132}.Debug|x64.ActiveCfg = Debug|x64
		{ABD40030-9534-40F9-9DDD-1F63A699C132}.Debug|x64.Build.0 = Debug|x64
		{ABD40030-9534-40F9-9DDD-1F63A699C132}.Debug|x86.ActiveCfg = Debug|x86
		{ABD40030-9534-40F9-9DDD-1F63A699C132}.Debug|x86.Build.0 = Debug|x86
		{ABD40030-9534-40F9-9DDD-1F63A699C132}.Release|Any CPU.ActiveCfg = Release|Any CPU
		{ABD40030-9534-40F9-9DDD-1F63A699C132}.Release|Any CPU.Build.0 = Release|Any CPU
		{ABD40030-9534-40F9-9DDD-1F63A699C132}.Release|x64.ActiveCfg = Release|x64
		{ABD40030-9534-40F9-9DDD-1F63A699C132}.Release|x64.Build.0 = Release|x64
		{ABD40030-9534-40F9-9DDD-1F63A699C132}.Release|x86.ActiveCfg = Release|x86
		{ABD40030-9534-40F9-9DDD-1F63A699C132}.Release|x86.Build.0 = Release|x86
		{3295522B-1377-42B0-A6BB-6FD2A70740E5}.Debug|Any CPU.ActiveCfg = Debug|Any CPU
		{3295522B-1377-42B0-A6BB-6FD2A70740E5}.Debug|Any CPU.Build.0 = Debug|Any CPU
		{3295522B-1377-42B0-A6BB-6FD2A70740E5}.Debug|x64.ActiveCfg = Debug|x64
		{3295522B-1377-42B0-A6BB-6FD2A70740E5}.Debug|x64.Build.0 = Debug|x64
		{3295522B-1377-42B0-A6BB-6FD2A70740E5}.Debug|x86.ActiveCfg = Debug|x86
		{3295522B-1377-42B0-A6BB-6FD2A70740E5}.Debug|x86.Build.0 = Debug|x86
		{3295522B-1377-42B0-A6BB-6FD2A70740E5}.Release|Any CPU.ActiveCfg = Release|Any CPU
		{3295522B-1377-42B0-A6BB-6FD2A70740E5}.Release|Any CPU.Build.0 = Release|Any CPU
		{3295522B-1377-42B0-A6BB-6FD2A70740E5}.Release|x64.ActiveCfg = Release|x64
		{3295522B-1377-42B0-A6BB-6FD2A70740E5}.Release|x64.Build.0 = Release|x64
		{3295522B-1377-42B0-A6BB-6FD2A70740E5}.Release|x86.ActiveCfg = Release|x86
		{3295522B-1377-42B0-A6BB-6FD2A70740E5}.Release|x86.Build.0 = Release|x86
		{D19FB613-A6C4-41FF-AF89-CCB71B096A17}.Debug|Any CPU.ActiveCfg = Debug|Any CPU
		{D19FB613-A6C4-41FF-AF89-CCB71B096A17}.Debug|Any CPU.Build.0 = Debug|Any CPU
		{D19FB613-A6C4-41FF-AF89-CCB71B096A17}.Debug|x64.ActiveCfg = Debug|x64
		{D19FB613-A6C4-41FF-AF89-CCB71B096A17}.Debug|x64.Build.0 = Debug|x64
		{D19FB613-A6C4-41FF-AF89-CCB71B096A17}.Debug|x86.ActiveCfg = Debug|x86
		{D19FB613-A6C4-41FF-AF89-CCB71B096A17}.Debug|x86.Build.0 = Debug|x86
		{D19FB613-A6C4-41FF-AF89-CCB71B096A17}.Release|Any CPU.ActiveCfg = Release|Any CPU
		{D19FB613-A6C4-41FF-AF89-CCB71B096A17}.Release|Any CPU.Build.0 = Release|Any CPU
		{D19FB613-A6C4-41FF-AF89-CCB71B096A17}.Release|x64.ActiveCfg = Release|x64
		{D19FB613-A6C4-41FF-AF89-CCB71B096A17}.Release|x64.Build.0 = Release|x64
		{D19FB613-A6C4-41FF-AF89-CCB71B096A17}.Release|x86.ActiveCfg = Release|x86
		{D19FB613-A6C4-41FF-AF89-CCB71B096A17}.Release|x86.Build.0 = Release|x86
		{E94B9E63-E5E2-406A-B4B3-185400907E12}.Debug|Any CPU.ActiveCfg = Debug|Any CPU
		{E94B9E63-E5E2-406A-B4B3-185400907E12}.Debug|Any CPU.Build.0 = Debug|Any CPU
		{E94B9E63-E5E2-406A-B4B3-185400907E12}.Debug|x64.ActiveCfg = Debug|x64
		{E94B9E63-E5E2-406A-B4B3-185400907E12}.Debug|x64.Build.0 = Debug|x64
		{E94B9E63-E5E2-406A-B4B3-185400907E12}.Debug|x86.ActiveCfg = Debug|x86
		{E94B9E63-E5E2-406A-B4B3-185400907E12}.Debug|x86.Build.0 = Debug|x86
		{E94B9E63-E5E2-406A-B4B3-185400907E12}.Release|Any CPU.ActiveCfg = Release|Any CPU
		{E94B9E63-E5E2-406A-B4B3-185400907E12}.Release|Any CPU.Build.0 = Release|Any CPU
		{E94B9E63-E5E2-406A-B4B3-185400907E12}.Release|x64.ActiveCfg = Release|x64
		{E94B9E63-E5E2-406A-B4B3-185400907E12}.Release|x64.Build.0 = Release|x64
		{E94B9E63-E5E2-406A-B4B3-185400907E12}.Release|x86.ActiveCfg = Release|x86
		{E94B9E63-E5E2-406A-B4B3-185400907E12}.Release|x86.Build.0 = Release|x86
		{C19DE171-4447-4BCB-ADF7-950350B231DF}.Debug|Any CPU.ActiveCfg = Debug|Any CPU
		{C19DE171-4447-4BCB-ADF7-950350B231DF}.Debug|Any CPU.Build.0 = Debug|Any CPU
		{C19DE171-4447-4BCB-ADF7-950350B231DF}.Debug|x64.ActiveCfg = Debug|x64
		{C19DE171-4447-4BCB-ADF7-950350B231DF}.Debug|x64.Build.0 = Debug|x64
		{C19DE171-4447-4BCB-ADF7-950350B231DF}.Debug|x86.ActiveCfg = Debug|x86
		{C19DE171-4447-4BCB-ADF7-950350B231DF}.Debug|x86.Build.0 = Debug|x86
		{C19DE171-4447-4BCB-ADF7-950350B231DF}.Release|Any CPU.ActiveCfg = Release|Any CPU
		{C19DE171-4447-4BCB-ADF7-950350B231DF}.Release|Any CPU.Build.0 = Release|Any CPU
		{C19DE171-4447-4BCB-ADF7-950350B231DF}.Release|x64.ActiveCfg = Release|x64
		{C19DE171-4447-4BCB-ADF7-950350B231DF}.Release|x64.Build.0 = Release|x64
		{C19DE171-4447-4BCB-ADF7-950350B231DF}.Release|x86.ActiveCfg = Release|x86
		{C19DE171-4447-4BCB-ADF7-950350B231DF}.Release|x86.Build.0 = Release|x86
		{A043A8A1-91BC-4E49-9854-CEE05F3D0A88}.Debug|Any CPU.ActiveCfg = Debug|Any CPU
		{A043A8A1-91BC-4E49-9854-CEE05F3D0A88}.Debug|Any CPU.Build.0 = Debug|Any CPU
		{A043A8A1-91BC-4E49-9854-CEE05F3D0A88}.Debug|x64.ActiveCfg = Debug|x64
		{A043A8A1-91BC-4E49-9854-CEE05F3D0A88}.Debug|x64.Build.0 = Debug|x64
		{A043A8A1-91BC-4E49-9854-CEE05F3D0A88}.Debug|x86.ActiveCfg = Debug|x86
		{A043A8A1-91BC-4E49-9854-CEE05F3D0A88}.Debug|x86.Build.0 = Debug|x86
		{A043A8A1-91BC-4E49-9854-CEE05F3D0A88}.Release|Any CPU.ActiveCfg = Release|Any CPU
		{A043A8A1-91BC-4E49-9854-CEE05F3D0A88}.Release|Any CPU.Build.0 = Release|Any CPU
		{A043A8A1-91BC-4E49-9854-CEE05F3D0A88}.Release|x64.ActiveCfg = Release|x64
		{A043A8A1-91BC-4E49-9854-CEE05F3D0A88}.Release|x64.Build.0 = Release|x64
		{A043A8A1-91BC-4E49-9854-CEE05F3D0A88}.Release|x86.ActiveCfg = Release|x86
		{A043A8A1-91BC-4E49-9854-CEE05F3D0A88}.Release|x86.Build.0 = Release|x86
		{3A44DEC5-E1FB-48BE-9483-7A1D066C026E}.Debug|Any CPU.ActiveCfg = Debug|Any CPU
		{3A44DEC5-E1FB-48BE-9483-7A1D066C026E}.Debug|Any CPU.Build.0 = Debug|Any CPU
		{3A44DEC5-E1FB-48BE-9483-7A1D066C026E}.Debug|x64.ActiveCfg = Debug|Any CPU
		{3A44DEC5-E1FB-48BE-9483-7A1D066C026E}.Debug|x64.Build.0 = Debug|Any CPU
		{3A44DEC5-E1FB-48BE-9483-7A1D066C026E}.Debug|x86.ActiveCfg = Debug|Any CPU
		{3A44DEC5-E1FB-48BE-9483-7A1D066C026E}.Debug|x86.Build.0 = Debug|Any CPU
		{3A44DEC5-E1FB-48BE-9483-7A1D066C026E}.Release|Any CPU.ActiveCfg = Release|Any CPU
		{3A44DEC5-E1FB-48BE-9483-7A1D066C026E}.Release|Any CPU.Build.0 = Release|Any CPU
		{3A44DEC5-E1FB-48BE-9483-7A1D066C026E}.Release|x64.ActiveCfg = Release|Any CPU
		{3A44DEC5-E1FB-48BE-9483-7A1D066C026E}.Release|x64.Build.0 = Release|Any CPU
		{3A44DEC5-E1FB-48BE-9483-7A1D066C026E}.Release|x86.ActiveCfg = Release|Any CPU
		{3A44DEC5-E1FB-48BE-9483-7A1D066C026E}.Release|x86.Build.0 = Release|Any CPU
		{739512B7-D38C-4282-821D-E7E3FBB98C9B}.Debug|Any CPU.ActiveCfg = Debug|Any CPU
		{739512B7-D38C-4282-821D-E7E3FBB98C9B}.Debug|Any CPU.Build.0 = Debug|Any CPU
		{739512B7-D38C-4282-821D-E7E3FBB98C9B}.Debug|x64.ActiveCfg = Debug|Any CPU
		{739512B7-D38C-4282-821D-E7E3FBB98C9B}.Debug|x64.Build.0 = Debug|Any CPU
		{739512B7-D38C-4282-821D-E7E3FBB98C9B}.Debug|x86.ActiveCfg = Debug|Any CPU
		{739512B7-D38C-4282-821D-E7E3FBB98C9B}.Debug|x86.Build.0 = Debug|Any CPU
		{739512B7-D38C-4282-821D-E7E3FBB98C9B}.Release|Any CPU.ActiveCfg = Release|Any CPU
		{739512B7-D38C-4282-821D-E7E3FBB98C9B}.Release|Any CPU.Build.0 = Release|Any CPU
		{739512B7-D38C-4282-821D-E7E3FBB98C9B}.Release|x64.ActiveCfg = Release|Any CPU
		{739512B7-D38C-4282-821D-E7E3FBB98C9B}.Release|x64.Build.0 = Release|Any CPU
		{739512B7-D38C-4282-821D-E7E3FBB98C9B}.Release|x86.ActiveCfg = Release|Any CPU
		{739512B7-D38C-4282-821D-E7E3FBB98C9B}.Release|x86.Build.0 = Release|Any CPU
		{FE606EBE-E79D-42D9-9829-A47751EA6C4F}.Debug|Any CPU.ActiveCfg = Debug|Any CPU
		{FE606EBE-E79D-42D9-9829-A47751EA6C4F}.Debug|Any CPU.Build.0 = Debug|Any CPU
		{FE606EBE-E79D-42D9-9829-A47751EA6C4F}.Debug|x64.ActiveCfg = Debug|Any CPU
		{FE606EBE-E79D-42D9-9829-A47751EA6C4F}.Debug|x64.Build.0 = Debug|Any CPU
		{FE606EBE-E79D-42D9-9829-A47751EA6C4F}.Debug|x86.ActiveCfg = Debug|Any CPU
		{FE606EBE-E79D-42D9-9829-A47751EA6C4F}.Debug|x86.Build.0 = Debug|Any CPU
		{FE606EBE-E79D-42D9-9829-A47751EA6C4F}.Release|Any CPU.ActiveCfg = Release|Any CPU
		{FE606EBE-E79D-42D9-9829-A47751EA6C4F}.Release|Any CPU.Build.0 = Release|Any CPU
		{FE606EBE-E79D-42D9-9829-A47751EA6C4F}.Release|x64.ActiveCfg = Release|Any CPU
		{FE606EBE-E79D-42D9-9829-A47751EA6C4F}.Release|x64.Build.0 = Release|Any CPU
		{FE606EBE-E79D-42D9-9829-A47751EA6C4F}.Release|x86.ActiveCfg = Release|Any CPU
		{FE606EBE-E79D-42D9-9829-A47751EA6C4F}.Release|x86.Build.0 = Release|Any CPU
		{E688A084-4B38-417D-B34E-A7D0965AF29C}.Debug|Any CPU.ActiveCfg = Debug|Any CPU
		{E688A084-4B38-417D-B34E-A7D0965AF29C}.Debug|Any CPU.Build.0 = Debug|Any CPU
		{E688A084-4B38-417D-B34E-A7D0965AF29C}.Debug|x64.ActiveCfg = Debug|Any CPU
		{E688A084-4B38-417D-B34E-A7D0965AF29C}.Debug|x64.Build.0 = Debug|Any CPU
		{E688A084-4B38-417D-B34E-A7D0965AF29C}.Debug|x86.ActiveCfg = Debug|Any CPU
		{E688A084-4B38-417D-B34E-A7D0965AF29C}.Debug|x86.Build.0 = Debug|Any CPU
		{E688A084-4B38-417D-B34E-A7D0965AF29C}.Release|Any CPU.ActiveCfg = Release|Any CPU
		{E688A084-4B38-417D-B34E-A7D0965AF29C}.Release|Any CPU.Build.0 = Release|Any CPU
		{E688A084-4B38-417D-B34E-A7D0965AF29C}.Release|x64.ActiveCfg = Release|Any CPU
		{E688A084-4B38-417D-B34E-A7D0965AF29C}.Release|x64.Build.0 = Release|Any CPU
		{E688A084-4B38-417D-B34E-A7D0965AF29C}.Release|x86.ActiveCfg = Release|Any CPU
		{E688A084-4B38-417D-B34E-A7D0965AF29C}.Release|x86.Build.0 = Release|Any CPU
	EndGlobalSection
	GlobalSection(SolutionProperties) = preSolution
		HideSolutionNode = FALSE
	EndGlobalSection
	GlobalSection(NestedProjects) = preSolution
		{7651807F-1D82-469E-BECA-5972D4DC19B3} = {35DE5472-625C-4C9E-B912-F679F813BA9D}
		{E6517BA9-9F65-49B1-B9F4-D7527CB5E1EE} = {35DE5472-625C-4C9E-B912-F679F813BA9D}
		{3E7E3532-CD7C-43F7-95BA-5B7ACEB9AD15} = {35DE5472-625C-4C9E-B912-F679F813BA9D}
		{537D77A2-6D67-44FF-8E30-1BF3BD25B1F2} = {35DE5472-625C-4C9E-B912-F679F813BA9D}
		{109E716C-AB77-48DB-842A-C8E49EB02C2B} = {529CF794-03BB-478F-A817-51496CC2E93B}
		{4CB8B6EB-E0E4-471F-B57C-77C7D0C4EC6A} = {529CF794-03BB-478F-A817-51496CC2E93B}
		{310987F3-D736-4CAE-A095-E9770439706C} = {529CF794-03BB-478F-A817-51496CC2E93B}
		{60C0D300-A158-44B4-98B4-D720E834509A} = {529CF794-03BB-478F-A817-51496CC2E93B}
		{AF0E3D2C-8364-43C2-8327-0771784D09DB} = {529CF794-03BB-478F-A817-51496CC2E93B}
		{9740917F-7B8C-43CE-A8DA-FAC1FEBBF2E0} = {60C0D300-A158-44B4-98B4-D720E834509A}
		{D286E959-AA77-4C96-A786-13B12268A9C7} = {529CF794-03BB-478F-A817-51496CC2E93B}
		{529CF794-03BB-478F-A817-51496CC2E93B} = {A2F5D486-0B54-42D2-871F-D32CB9F84891}
		{ABD40030-9534-40F9-9DDD-1F63A699C132} = {80BF727B-6E85-40B2-B15D-E3E79E0B5CCE}
		{3295522B-1377-42B0-A6BB-6FD2A70740E5} = {21193BA1-4408-47A9-A54F-FBFA06B05243}
		{D19FB613-A6C4-41FF-AF89-CCB71B096A17} = {1AAD995E-8C40-42DF-804B-4AADDFD54376}
		{E94B9E63-E5E2-406A-B4B3-185400907E12} = {529CF794-03BB-478F-A817-51496CC2E93B}
		{C19DE171-4447-4BCB-ADF7-950350B231DF} = {529CF794-03BB-478F-A817-51496CC2E93B}
		{A043A8A1-91BC-4E49-9854-CEE05F3D0A88} = {529CF794-03BB-478F-A817-51496CC2E93B}
		{6417EBF8-CB61-4A84-B6CB-EAE3901BFD60} = {35DE5472-625C-4C9E-B912-F679F813BA9D}
		{3A44DEC5-E1FB-48BE-9483-7A1D066C026E} = {5ABF5D70-A5CB-401A-B1C6-A2F553620430}
		{739512B7-D38C-4282-821D-E7E3FBB98C9B} = {529CF794-03BB-478F-A817-51496CC2E93B}
		{FE606EBE-E79D-42D9-9829-A47751EA6C4F} = {529CF794-03BB-478F-A817-51496CC2E93B}
		{E688A084-4B38-417D-B34E-A7D0965AF29C} = {529CF794-03BB-478F-A817-51496CC2E93B}
	EndGlobalSection
	GlobalSection(ExtensibilityGlobals) = postSolution
		SolutionGuid = {A1FD0034-6A16-4270-8E5B-E97224577884}
	EndGlobalSection
EndGlobal
